
Microsoft Visual Studio Solution File, Format Version 12.00
# Visual Studio Version 16
VisualStudioVersion = 16.0.29409.12
MinimumVisualStudioVersion = 10.0.40219.1
Project("{FAE04EC0-301F-11D3-BF4B-00C04F79EFBC}") = "AgeInSeconds", "AgeInSeconds\AgeInSeconds.csproj", "{54E8CC43-A9FC-4BF4-8CBB-32C9CF19A8AB}"
EndProject
Project("{FAE04EC0-301F-11D3-BF4B-00C04F79EFBC}") = "HowToHandleExceptions", "HowToHandleExceptions\HowToHandleExceptions.csproj", "{E00FCB33-DB3F-4B7D-96D6-FBB068834FE2}"
EndProject
Project("{FAE04EC0-301F-11D3-BF4B-00C04F79EFBC}") = "TrowExceptions", "TrowExceptions\TrowExceptions.csproj", "{DBB589DF-97E4-4BBC-A3F3-C68C65E7D3C3}"
EndProject
Project("{FAE04EC0-301F-11D3-BF4B-00C04F79EFBC}") = "ThrowSecond", "ThrowSecond\ThrowSecond.csproj", "{5E8821C9-2DC6-40C6-8D80-107FD851733C}"
EndProject
Project("{FAE04EC0-301F-11D3-BF4B-00C04F79EFBC}") = "workingWithFile", "workingWithFile\workingWithFile.csproj", "{148F0D60-8AC5-41AA-AA69-9B42A8E6D89C}"
EndProject
Global
	GlobalSection(SolutionConfigurationPlatforms) = preSolution
		Debug|Any CPU = Debug|Any CPU
		Release|Any CPU = Release|Any CPU
	EndGlobalSection
	GlobalSection(ProjectConfigurationPlatforms) = postSolution
		{54E8CC43-A9FC-4BF4-8CBB-32C9CF19A8AB}.Debug|Any CPU.ActiveCfg = Debug|Any CPU
		{54E8CC43-A9FC-4BF4-8CBB-32C9CF19A8AB}.Debug|Any CPU.Build.0 = Debug|Any CPU
		{54E8CC43-A9FC-4BF4-8CBB-32C9CF19A8AB}.Release|Any CPU.ActiveCfg = Release|Any CPU
		{54E8CC43-A9FC-4BF4-8CBB-32C9CF19A8AB}.Release|Any CPU.Build.0 = Release|Any CPU
		{E00FCB33-DB3F-4B7D-96D6-FBB068834FE2}.Debug|Any CPU.ActiveCfg = Debug|Any CPU
		{E00FCB33-DB3F-4B7D-96D6-FBB068834FE2}.Debug|Any CPU.Build.0 = Debug|Any CPU
		{E00FCB33-DB3F-4B7D-96D6-FBB068834FE2}.Release|Any CPU.ActiveCfg = Release|Any CPU
		{E00FCB33-DB3F-4B7D-96D6-FBB068834FE2}.Release|Any CPU.Build.0 = Release|Any CPU
		{DBB589DF-97E4-4BBC-A3F3-C68C65E7D3C3}.Debug|Any CPU.ActiveCfg = Debug|Any CPU
		{DBB589DF-97E4-4BBC-A3F3-C68C65E7D3C3}.Debug|Any CPU.Build.0 = Debug|Any CPU
		{DBB589DF-97E4-4BBC-A3F3-C68C65E7D3C3}.Release|Any CPU.ActiveCfg = Release|Any CPU
		{DBB589DF-97E4-4BBC-A3F3-C68C65E7D3C3}.Release|Any CPU.Build.0 = Release|Any CPU
		{5E8821C9-2DC6-40C6-8D80-107FD851733C}.Debug|Any CPU.ActiveCfg = Debug|Any CPU
		{5E8821C9-2DC6-40C6-8D80-107FD851733C}.Debug|Any CPU.Build.0 = Debug|Any CPU
		{5E8821C9-2DC6-40C6-8D80-107FD851733C}.Release|Any CPU.ActiveCfg = Release|Any CPU
		{5E8821C9-2DC6-40C6-8D80-107FD851733C}.Release|Any CPU.Build.0 = Release|Any CPU
		{148F0D60-8AC5-41AA-AA69-9B42A8E6D89C}.Debug|Any CPU.ActiveCfg = Debug|Any CPU
		{148F0D60-8AC5-41AA-AA69-9B42A8E6D89C}.Debug|Any CPU.Build.0 = Debug|Any CPU
		{148F0D60-8AC5-41AA-AA69-9B42A8E6D89C}.Release|Any CPU.ActiveCfg = Release|Any CPU
		{148F0D60-8AC5-41AA-AA69-9B42A8E6D89C}.Release|Any CPU.Build.0 = Release|Any CPU
	EndGlobalSection
	GlobalSection(SolutionProperties) = preSolution
		HideSolutionNode = FALSE
	EndGlobalSection
	GlobalSection(ExtensibilityGlobals) = postSolution
		SolutionGuid = {DF210BBE-98F2-4D21-B707-2A41E393273B}
	EndGlobalSection
EndGlobal
